
Microsoft Visual Studio Solution File, Format Version 12.00
# Visual Studio Version 17
VisualStudioVersion = 17.5.33414.496
MinimumVisualStudioVersion = 10.0.40219.1
Project("{FAE04EC0-301F-11D3-BF4B-00C04F79EFBC}") = "ConsoleApp15", "ConsoleApp15\ConsoleApp15.csproj", "{BE79FC8E-F97F-43B7-8E9E-0892A29A7C09}"
EndProject
Global
	GlobalSection(SolutionConfigurationPlatforms) = preSolution
		Debug|Any CPU = Debug|Any CPU
		Release|Any CPU = Release|Any CPU
	EndGlobalSection
	GlobalSection(ProjectConfigurationPlatforms) = postSolution
		{BE79FC8E-F97F-43B7-8E9E-0892A29A7C09}.Debug|Any CPU.ActiveCfg = Debug|Any CPU
		{BE79FC8E-F97F-43B7-8E9E-0892A29A7C09}.Debug|Any CPU.Build.0 = Debug|Any CPU
		{BE79FC8E-F97F-43B7-8E9E-0892A29A7C09}.Release|Any CPU.ActiveCfg = Release|Any CPU
		{BE79FC8E-F97F-43B7-8E9E-0892A29A7C09}.Release|Any CPU.Build.0 = Release|Any CPU
	EndGlobalSection
	GlobalSection(SolutionProperties) = preSolution
		HideSolutionNode = FALSE
	EndGlobalSection
	GlobalSection(ExtensibilityGlobals) = postSolution
		SolutionGuid = {7D69A24C-3CBB-4AD1-8920-C2885316ACEF}
	EndGlobalSection
EndGlobal
